// !$*UTF8*$!
{
	archiveVersion = 1;
	classes = {
	};
	objectVersion = 56;
	objects = {

/* Begin PBXBuildFile section */
		D33176D72963BB9D00599987 /* EnvironmentValues+isPreview.swift in Sources */ = {isa = PBXBuildFile; fileRef = D33176D62963BB9D00599987 /* EnvironmentValues+isPreview.swift */; };
		D33176D92963BCC400599987 /* Thread+isRunningXCTest.swift in Sources */ = {isa = PBXBuildFile; fileRef = D33176D82963BCC400599987 /* Thread+isRunningXCTest.swift */; };
		D33176DB2963C3D800599987 /* NoContactsView.swift in Sources */ = {isa = PBXBuildFile; fileRef = D33176DA2963C3D800599987 /* NoContactsView.swift */; };
		D3DDD9172964C16700325399 /* Search+Sort.swift in Sources */ = {isa = PBXBuildFile; fileRef = D3DDD9162964C16700325399 /* Search+Sort.swift */; };
		D3F9FE3929638F07001EC724 /* MyRideOrDiesApp.swift in Sources */ = {isa = PBXBuildFile; fileRef = D3F9FE3829638F07001EC724 /* MyRideOrDiesApp.swift */; };
		D3F9FE3B29638F07001EC724 /* ContactListView.swift in Sources */ = {isa = PBXBuildFile; fileRef = D3F9FE3A29638F07001EC724 /* ContactListView.swift */; };
		D3F9FE3D29638F08001EC724 /* Assets.xcassets in Resources */ = {isa = PBXBuildFile; fileRef = D3F9FE3C29638F08001EC724 /* Assets.xcassets */; };
		D3F9FE4029638F08001EC724 /* Preview Assets.xcassets in Resources */ = {isa = PBXBuildFile; fileRef = D3F9FE3F29638F08001EC724 /* Preview Assets.xcassets */; };
		D3F9FE4829638F61001EC724 /* ContactsDataModel.xcdatamodeld in Sources */ = {isa = PBXBuildFile; fileRef = D3F9FE4629638F61001EC724 /* ContactsDataModel.xcdatamodeld */; };
		D3F9FE4C2963918C001EC724 /* Contact.swift in Sources */ = {isa = PBXBuildFile; fileRef = D3F9FE4B2963918C001EC724 /* Contact.swift */; };
		D3F9FE5629639343001EC724 /* ContactsProvider.swift in Sources */ = {isa = PBXBuildFile; fileRef = D3F9FE5529639343001EC724 /* ContactsProvider.swift */; };
		D3F9FE58296398A6001EC724 /* ContactRowView.swift in Sources */ = {isa = PBXBuildFile; fileRef = D3F9FE57296398A6001EC724 /* ContactRowView.swift */; };
		D3F9FE5B2963993F001EC724 /* ContactDetailView.swift in Sources */ = {isa = PBXBuildFile; fileRef = D3F9FE5A2963993F001EC724 /* ContactDetailView.swift */; };
		D3F9FE5D29639CCC001EC724 /* CreateContactView.swift in Sources */ = {isa = PBXBuildFile; fileRef = D3F9FE5C29639CCC001EC724 /* CreateContactView.swift */; };
		D3F9FE642963A9E6001EC724 /* EditContactViewModel.swift in Sources */ = {isa = PBXBuildFile; fileRef = D3F9FE632963A9E6001EC724 /* EditContactViewModel.swift */; };
/* End PBXBuildFile section */

/* Begin PBXFileReference section */
		D33176D62963BB9D00599987 /* EnvironmentValues+isPreview.swift */ = {isa = PBXFileReference; lastKnownFileType = sourcecode.swift; path = "EnvironmentValues+isPreview.swift"; sourceTree = "<group>"; };
		D33176D82963BCC400599987 /* Thread+isRunningXCTest.swift */ = {isa = PBXFileReference; lastKnownFileType = sourcecode.swift; path = "Thread+isRunningXCTest.swift"; sourceTree = "<group>"; };
		D33176DA2963C3D800599987 /* NoContactsView.swift */ = {isa = PBXFileReference; lastKnownFileType = sourcecode.swift; path = NoContactsView.swift; sourceTree = "<group>"; };
		D3DDD9162964C16700325399 /* Search+Sort.swift */ = {isa = PBXFileReference; lastKnownFileType = sourcecode.swift; path = "Search+Sort.swift"; sourceTree = "<group>"; };
		D3F9FE3529638F07001EC724 /* MyRideOrDies.app */ = {isa = PBXFileReference; explicitFileType = wrapper.application; includeInIndex = 0; path = MyRideOrDies.app; sourceTree = BUILT_PRODUCTS_DIR; };
		D3F9FE3829638F07001EC724 /* MyRideOrDiesApp.swift */ = {isa = PBXFileReference; lastKnownFileType = sourcecode.swift; path = MyRideOrDiesApp.swift; sourceTree = "<group>"; };
		D3F9FE3A29638F07001EC724 /* ContactListView.swift */ = {isa = PBXFileReference; lastKnownFileType = sourcecode.swift; path = ContactListView.swift; sourceTree = "<group>"; };
		D3F9FE3C29638F08001EC724 /* Assets.xcassets */ = {isa = PBXFileReference; lastKnownFileType = folder.assetcatalog; path = Assets.xcassets; sourceTree = "<group>"; };
		D3F9FE3F29638F08001EC724 /* Preview Assets.xcassets */ = {isa = PBXFileReference; lastKnownFileType = folder.assetcatalog; path = "Preview Assets.xcassets"; sourceTree = "<group>"; };
		D3F9FE4729638F61001EC724 /* ContactsDataModel.xcdatamodel */ = {isa = PBXFileReference; lastKnownFileType = wrapper.xcdatamodel; path = ContactsDataModel.xcdatamodel; sourceTree = "<group>"; };
		D3F9FE4B2963918C001EC724 /* Contact.swift */ = {isa = PBXFileReference; lastKnownFileType = sourcecode.swift; path = Contact.swift; sourceTree = "<group>"; };
		D3F9FE5529639343001EC724 /* ContactsProvider.swift */ = {isa = PBXFileReference; lastKnownFileType = sourcecode.swift; path = ContactsProvider.swift; sourceTree = "<group>"; };
		D3F9FE57296398A6001EC724 /* ContactRowView.swift */ = {isa = PBXFileReference; lastKnownFileType = sourcecode.swift; path = ContactRowView.swift; sourceTree = "<group>"; };
		D3F9FE5A2963993F001EC724 /* ContactDetailView.swift */ = {isa = PBXFileReference; lastKnownFileType = sourcecode.swift; path = ContactDetailView.swift; sourceTree = "<group>"; };
		D3F9FE5C29639CCC001EC724 /* CreateContactView.swift */ = {isa = PBXFileReference; lastKnownFileType = sourcecode.swift; path = CreateContactView.swift; sourceTree = "<group>"; };
		D3F9FE632963A9E6001EC724 /* EditContactViewModel.swift */ = {isa = PBXFileReference; lastKnownFileType = sourcecode.swift; path = EditContactViewModel.swift; sourceTree = "<group>"; };
/* End PBXFileReference section */

/* Begin PBXFrameworksBuildPhase section */
		D3F9FE3229638F07001EC724 /* Frameworks */ = {
			isa = PBXFrameworksBuildPhase;
			buildActionMask = 2147483647;
			files = (
			);
			runOnlyForDeploymentPostprocessing = 0;
		};
/* End PBXFrameworksBuildPhase section */

/* Begin PBXGroup section */
		D33176D52963BB8000599987 /* Utils */ = {
			isa = PBXGroup;
			children = (
				D33176D62963BB9D00599987 /* EnvironmentValues+isPreview.swift */,
				D33176D82963BCC400599987 /* Thread+isRunningXCTest.swift */,
			);
			path = Utils;
			sourceTree = "<group>";
		};
		D3F9FE2C29638F06001EC724 = {
			isa = PBXGroup;
			children = (
				D3F9FE3729638F07001EC724 /* MyRideOrDies */,
				D3F9FE3629638F07001EC724 /* Products */,
			);
			sourceTree = "<group>";
		};
		D3F9FE3629638F07001EC724 /* Products */ = {
			isa = PBXGroup;
			children = (
				D3F9FE3529638F07001EC724 /* MyRideOrDies.app */,
			);
			name = Products;
			sourceTree = "<group>";
		};
		D3F9FE3729638F07001EC724 /* MyRideOrDies */ = {
			isa = PBXGroup;
			children = (
				D3F9FE3829638F07001EC724 /* MyRideOrDiesApp.swift */,
				D33176D52963BB8000599987 /* Utils */,
				D3F9FE4A29639170001EC724 /* CoreData Stack */,
				D3DDD9162964C16700325399 /* Search+Sort.swift */,
				D3F9FE622963A197001EC724 /* Contacts */,
				D3F9FE3C29638F08001EC724 /* Assets.xcassets */,
				D3F9FE3E29638F08001EC724 /* Preview Content */,
			);
			path = MyRideOrDies;
			sourceTree = "<group>";
		};
		D3F9FE3E29638F08001EC724 /* Preview Content */ = {
			isa = PBXGroup;
			children = (
				D3F9FE3F29638F08001EC724 /* Preview Assets.xcassets */,
			);
			path = "Preview Content";
			sourceTree = "<group>";
		};
		D3F9FE4A29639170001EC724 /* CoreData Stack */ = {
			isa = PBXGroup;
			children = (
				D3F9FE4629638F61001EC724 /* ContactsDataModel.xcdatamodeld */,
				D3F9FE4B2963918C001EC724 /* Contact.swift */,
				D3F9FE5529639343001EC724 /* ContactsProvider.swift */,
			);
			path = "CoreData Stack";
			sourceTree = "<group>";
		};
		D3F9FE59296398FD001EC724 /* Contact List */ = {
			isa = PBXGroup;
			children = (
				D3F9FE3A29638F07001EC724 /* ContactListView.swift */,
				D3F9FE57296398A6001EC724 /* ContactRowView.swift */,
				D33176DA2963C3D800599987 /* NoContactsView.swift */,
			);
			path = "Contact List";
			sourceTree = "<group>";
		};
		D3F9FE602963A162001EC724 /* Create Contact */ = {
			isa = PBXGroup;
			children = (
				D3F9FE632963A9E6001EC724 /* EditContactViewModel.swift */,
				D3F9FE5C29639CCC001EC724 /* CreateContactView.swift */,
			);
			path = "Create Contact";
			sourceTree = "<group>";
		};
		D3F9FE612963A185001EC724 /* Contact Detail */ = {
			isa = PBXGroup;
			children = (
				D3F9FE5A2963993F001EC724 /* ContactDetailView.swift */,
			);
			path = "Contact Detail";
			sourceTree = "<group>";
		};
		D3F9FE622963A197001EC724 /* Contacts */ = {
			isa = PBXGroup;
			children = (
				D3F9FE59296398FD001EC724 /* Contact List */,
				D3F9FE612963A185001EC724 /* Contact Detail */,
				D3F9FE602963A162001EC724 /* Create Contact */,
			);
			path = Contacts;
			sourceTree = "<group>";
		};
/* End PBXGroup section */

/* Begin PBXNativeTarget section */
		D3F9FE3429638F07001EC724 /* MyRideOrDies */ = {
			isa = PBXNativeTarget;
			buildConfigurationList = D3F9FE4329638F08001EC724 /* Build configuration list for PBXNativeTarget "MyRideOrDies" */;
			buildPhases = (
				D3F9FE3129638F07001EC724 /* Sources */,
				D3F9FE3229638F07001EC724 /* Frameworks */,
				D3F9FE3329638F07001EC724 /* Resources */,
			);
			buildRules = (
			);
			dependencies = (
			);
			name = MyRideOrDies;
			productName = MyRideOrDies;
			productReference = D3F9FE3529638F07001EC724 /* MyRideOrDies.app */;
			productType = "com.apple.product-type.application";
		};
/* End PBXNativeTarget section */

/* Begin PBXProject section */
		D3F9FE2D29638F06001EC724 /* Project object */ = {
			isa = PBXProject;
			attributes = {
				BuildIndependentTargetsInParallel = 1;
				LastSwiftUpdateCheck = 1420;
				LastUpgradeCheck = 1420;
				TargetAttributes = {
					D3F9FE3429638F07001EC724 = {
						CreatedOnToolsVersion = 14.2;
					};
				};
			};
			buildConfigurationList = D3F9FE3029638F06001EC724 /* Build configuration list for PBXProject "MyRideOrDies" */;
			compatibilityVersion = "Xcode 14.0";
			developmentRegion = en;
			hasScannedForEncodings = 0;
			knownRegions = (
				en,
				Base,
			);
			mainGroup = D3F9FE2C29638F06001EC724;
			productRefGroup = D3F9FE3629638F07001EC724 /* Products */;
			projectDirPath = "";
			projectRoot = "";
			targets = (
				D3F9FE3429638F07001EC724 /* MyRideOrDies */,
			);
		};
/* End PBXProject section */

/* Begin PBXResourcesBuildPhase section */
		D3F9FE3329638F07001EC724 /* Resources */ = {
			isa = PBXResourcesBuildPhase;
			buildActionMask = 2147483647;
			files = (
				D3F9FE4029638F08001EC724 /* Preview Assets.xcassets in Resources */,
				D3F9FE3D29638F08001EC724 /* Assets.xcassets in Resources */,
			);
			runOnlyForDeploymentPostprocessing = 0;
		};
/* End PBXResourcesBuildPhase section */

/* Begin PBXSourcesBuildPhase section */
		D3F9FE3129638F07001EC724 /* Sources */ = {
			isa = PBXSourcesBuildPhase;
			buildActionMask = 2147483647;
			files = (
				D3F9FE4C2963918C001EC724 /* Contact.swift in Sources */,
				D3F9FE5629639343001EC724 /* ContactsProvider.swift in Sources */,
				D33176D92963BCC400599987 /* Thread+isRunningXCTest.swift in Sources */,
				D33176D72963BB9D00599987 /* EnvironmentValues+isPreview.swift in Sources */,
				D3F9FE5B2963993F001EC724 /* ContactDetailView.swift in Sources */,
				D3F9FE642963A9E6001EC724 /* EditContactViewModel.swift in Sources */,
				D33176DB2963C3D800599987 /* NoContactsView.swift in Sources */,
				D3F9FE4829638F61001EC724 /* ContactsDataModel.xcdatamodeld in Sources */,
				D3F9FE3B29638F07001EC724 /* ContactListView.swift in Sources */,
				D3F9FE5D29639CCC001EC724 /* CreateContactView.swift in Sources */,
				D3F9FE58296398A6001EC724 /* ContactRowView.swift in Sources */,
				D3F9FE3929638F07001EC724 /* MyRideOrDiesApp.swift in Sources */,
				D3DDD9172964C16700325399 /* Search+Sort.swift in Sources */,
			);
			runOnlyForDeploymentPostprocessing = 0;
		};
/* End PBXSourcesBuildPhase section */

/* Begin XCBuildConfiguration section */
		D3F9FE4129638F08001EC724 /* Debug */ = {
			isa = XCBuildConfiguration;
			buildSettings = {
				ALWAYS_SEARCH_USER_PATHS = NO;
				CLANG_ANALYZER_NONNULL = YES;
				CLANG_ANALYZER_NUMBER_OBJECT_CONVERSION = YES_AGGRESSIVE;
				CLANG_CXX_LANGUAGE_STANDARD = "gnu++20";
				CLANG_ENABLE_MODULES = YES;
				CLANG_ENABLE_OBJC_ARC = YES;
				CLANG_ENABLE_OBJC_WEAK = YES;
				CLANG_WARN_BLOCK_CAPTURE_AUTORELEASING = YES;
				CLANG_WARN_BOOL_CONVERSION = YES;
				CLANG_WARN_COMMA = YES;
				CLANG_WARN_CONSTANT_CONVERSION = YES;
				CLANG_WARN_DEPRECATED_OBJC_IMPLEMENTATIONS = YES;
				CLANG_WARN_DIRECT_OBJC_ISA_USAGE = YES_ERROR;
				CLANG_WARN_DOCUMENTATION_COMMENTS = YES;
				CLANG_WARN_EMPTY_BODY = YES;
				CLANG_WARN_ENUM_CONVERSION = YES;
				CLANG_WARN_INFINITE_RECURSION = YES;
				CLANG_WARN_INT_CONVERSION = YES;
				CLANG_WARN_NON_LITERAL_NULL_CONVERSION = YES;
				CLANG_WARN_OBJC_IMPLICIT_RETAIN_SELF = YES;
				CLANG_WARN_OBJC_LITERAL_CONVERSION = YES;
				CLANG_WARN_OBJC_ROOT_CLASS = YES_ERROR;
				CLANG_WARN_QUOTED_INCLUDE_IN_FRAMEWORK_HEADER = YES;
				CLANG_WARN_RANGE_LOOP_ANALYSIS = YES;
				CLANG_WARN_STRICT_PROTOTYPES = YES;
				CLANG_WARN_SUSPICIOUS_MOVE = YES;
				CLANG_WARN_UNGUARDED_AVAILABILITY = YES_AGGRESSIVE;
				CLANG_WARN_UNREACHABLE_CODE = YES;
				CLANG_WARN__DUPLICATE_METHOD_MATCH = YES;
				COPY_PHASE_STRIP = NO;
				DEBUG_INFORMATION_FORMAT = dwarf;
				ENABLE_STRICT_OBJC_MSGSEND = YES;
				ENABLE_TESTABILITY = YES;
				GCC_C_LANGUAGE_STANDARD = gnu11;
				GCC_DYNAMIC_NO_PIC = NO;
				GCC_NO_COMMON_BLOCKS = YES;
				GCC_OPTIMIZATION_LEVEL = 0;
				GCC_PREPROCESSOR_DEFINITIONS = (
					"DEBUG=1",
					"$(inherited)",
				);
				GCC_WARN_64_TO_32_BIT_CONVERSION = YES;
				GCC_WARN_ABOUT_RETURN_TYPE = YES_ERROR;
				GCC_WARN_UNDECLARED_SELECTOR = YES;
				GCC_WARN_UNINITIALIZED_AUTOS = YES_AGGRESSIVE;
				GCC_WARN_UNUSED_FUNCTION = YES;
				GCC_WARN_UNUSED_VARIABLE = YES;
				IPHONEOS_DEPLOYMENT_TARGET = 16.2;
				MTL_ENABLE_DEBUG_INFO = INCLUDE_SOURCE;
				MTL_FAST_MATH = YES;
				ONLY_ACTIVE_ARCH = YES;
				SDKROOT = iphoneos;
				SWIFT_ACTIVE_COMPILATION_CONDITIONS = DEBUG;
				SWIFT_OPTIMIZATION_LEVEL = "-Onone";
			};
			name = Debug;
		};
		D3F9FE4229638F08001EC724 /* Release */ = {
			isa = XCBuildConfiguration;
			buildSettings = {
				ALWAYS_SEARCH_USER_PATHS = NO;
				CLANG_ANALYZER_NONNULL = YES;
				CLANG_ANALYZER_NUMBER_OBJECT_CONVERSION = YES_AGGRESSIVE;
				CLANG_CXX_LANGUAGE_STANDARD = "gnu++20";
				CLANG_ENABLE_MODULES = YES;
				CLANG_ENABLE_OBJC_ARC = YES;
				CLANG_ENABLE_OBJC_WEAK = YES;
				CLANG_WARN_BLOCK_CAPTURE_AUTORELEASING = YES;
				CLANG_WARN_BOOL_CONVERSION = YES;
				CLANG_WARN_COMMA = YES;
				CLANG_WARN_CONSTANT_CONVERSION = YES;
				CLANG_WARN_DEPRECATED_OBJC_IMPLEMENTATIONS = YES;
				CLANG_WARN_DIRECT_OBJC_ISA_USAGE = YES_ERROR;
				CLANG_WARN_DOCUMENTATION_COMMENTS = YES;
				CLANG_WARN_EMPTY_BODY = YES;
				CLANG_WARN_ENUM_CONVERSION = YES;
				CLANG_WARN_INFINITE_RECURSION = YES;
				CLANG_WARN_INT_CONVERSION = YES;
				CLANG_WARN_NON_LITERAL_NULL_CONVERSION = YES;
				CLANG_WARN_OBJC_IMPLICIT_RETAIN_SELF = YES;
				CLANG_WARN_OBJC_LITERAL_CONVERSION = YES;
				CLANG_WARN_OBJC_ROOT_CLASS = YES_ERROR;
				CLANG_WARN_QUOTED_INCLUDE_IN_FRAMEWORK_HEADER = YES;
				CLANG_WARN_RANGE_LOOP_ANALYSIS = YES;
				CLANG_WARN_STRICT_PROTOTYPES = YES;
				CLANG_WARN_SUSPICIOUS_MOVE = YES;
				CLANG_WARN_UNGUARDED_AVAILABILITY = YES_AGGRESSIVE;
				CLANG_WARN_UNREACHABLE_CODE = YES;
				CLANG_WARN__DUPLICATE_METHOD_MATCH = YES;
				COPY_PHASE_STRIP = NO;
				DEBUG_INFORMATION_FORMAT = "dwarf-with-dsym";
				ENABLE_NS_ASSERTIONS = NO;
				ENABLE_STRICT_OBJC_MSGSEND = YES;
				GCC_C_LANGUAGE_STANDARD = gnu11;
				GCC_NO_COMMON_BLOCKS = YES;
				GCC_WARN_64_TO_32_BIT_CONVERSION = YES;
				GCC_WARN_ABOUT_RETURN_TYPE = YES_ERROR;
				GCC_WARN_UNDECLARED_SELECTOR = YES;
				GCC_WARN_UNINITIALIZED_AUTOS = YES_AGGRESSIVE;
				GCC_WARN_UNUSED_FUNCTION = YES;
				GCC_WARN_UNUSED_VARIABLE = YES;
				IPHONEOS_DEPLOYMENT_TARGET = 16.2;
				MTL_ENABLE_DEBUG_INFO = NO;
				MTL_FAST_MATH = YES;
				SDKROOT = iphoneos;
				SWIFT_COMPILATION_MODE = wholemodule;
				SWIFT_OPTIMIZATION_LEVEL = "-O";
				VALIDATE_PRODUCT = YES;
			};
			name = Release;
		};
		D3F9FE4429638F08001EC724 /* Debug */ = {
			isa = XCBuildConfiguration;
			buildSettings = {
				ASSETCATALOG_COMPILER_APPICON_NAME = AppIcon;
				ASSETCATALOG_COMPILER_GLOBAL_ACCENT_COLOR_NAME = AccentColor;
				CODE_SIGN_STYLE = Automatic;
				CURRENT_PROJECT_VERSION = 1;
				DEVELOPMENT_ASSET_PATHS = "\"MyRideOrDies/Preview Content\"";
				DEVELOPMENT_TEAM = HB73YMFXYF;
				ENABLE_PREVIEWS = YES;
				GENERATE_INFOPLIST_FILE = YES;
				INFOPLIST_KEY_UIApplicationSceneManifest_Generation = YES;
				INFOPLIST_KEY_UIApplicationSupportsIndirectInputEvents = YES;
				INFOPLIST_KEY_UILaunchScreen_Generation = YES;
				INFOPLIST_KEY_UISupportedInterfaceOrientations_iPad = "UIInterfaceOrientationPortrait UIInterfaceOrientationPortraitUpsideDown UIInterfaceOrientationLandscapeLeft UIInterfaceOrientationLandscapeRight";
				INFOPLIST_KEY_UISupportedInterfaceOrientations_iPhone = "UIInterfaceOrientationPortrait UIInterfaceOrientationLandscapeLeft UIInterfaceOrientationLandscapeRight";
				LD_RUNPATH_SEARCH_PATHS = (
					"$(inherited)",
					"@executable_path/Frameworks",
				);
				MARKETING_VERSION = 1.0;
				PRODUCT_BUNDLE_IDENTIFIER = com.YSBoomOfficial.MyRideOrDies;
				PRODUCT_NAME = "$(TARGET_NAME)";
				SWIFT_EMIT_LOC_STRINGS = YES;
				SWIFT_VERSION = 5.0;
				TARGETED_DEVICE_FAMILY = "1,2";
			};
			name = Debug;
		};
		D3F9FE4529638F08001EC724 /* Release */ = {
			isa = XCBuildConfiguration;
			buildSettings = {
				ASSETCATALOG_COMPILER_APPICON_NAME = AppIcon;
				ASSETCATALOG_COMPILER_GLOBAL_ACCENT_COLOR_NAME = AccentColor;
				CODE_SIGN_STYLE = Automatic;
				CURRENT_PROJECT_VERSION = 1;
				DEVELOPMENT_ASSET_PATHS = "\"MyRideOrDies/Preview Content\"";
				DEVELOPMENT_TEAM = HB73YMFXYF;
				ENABLE_PREVIEWS = YES;
				GENERATE_INFOPLIST_FILE = YES;
				INFOPLIST_KEY_UIApplicationSceneManifest_Generation = YES;
				INFOPLIST_KEY_UIApplicationSupportsIndirectInputEvents = YES;
				INFOPLIST_KEY_UILaunchScreen_Generation = YES;
				INFOPLIST_KEY_UISupportedInterfaceOrientations_iPad = "UIInterfaceOrientationPortrait UIInterfaceOrientationPortraitUpsideDown UIInterfaceOrientationLandscapeLeft UIInterfaceOrientationLandscapeRight";
				INFOPLIST_KEY_UISupportedInterfaceOrientations_iPhone = "UIInterfaceOrientationPortrait UIInterfaceOrientationLandscapeLeft UIInterfaceOrientationLandscapeRight";
				LD_RUNPATH_SEARCH_PATHS = (
					"$(inherited)",
					"@executable_path/Frameworks",
				);
				MARKETING_VERSION = 1.0;
				PRODUCT_BUNDLE_IDENTIFIER = com.YSBoomOfficial.MyRideOrDies;
				PRODUCT_NAME = "$(TARGET_NAME)";
				SWIFT_EMIT_LOC_STRINGS = YES;
				SWIFT_VERSION = 5.0;
				TARGETED_DEVICE_FAMILY = "1,2";
			};
			name = Release;
		};
/* End XCBuildConfiguration section */

/* Begin XCConfigurationList section */
		D3F9FE3029638F06001EC724 /* Build configuration list for PBXProject "MyRideOrDies" */ = {
			isa = XCConfigurationList;
			buildConfigurations = (
				D3F9FE4129638F08001EC724 /* Debug */,
				D3F9FE4229638F08001EC724 /* Release */,
			);
			defaultConfigurationIsVisible = 0;
			defaultConfigurationName = Release;
		};
		D3F9FE4329638F08001EC724 /* Build configuration list for PBXNativeTarget "MyRideOrDies" */ = {
			isa = XCConfigurationList;
			buildConfigurations = (
				D3F9FE4429638F08001EC724 /* Debug */,
				D3F9FE4529638F08001EC724 /* Release */,
			);
			defaultConfigurationIsVisible = 0;
			defaultConfigurationName = Release;
		};
/* End XCConfigurationList section */

/* Begin XCVersionGroup section */
		D3F9FE4629638F61001EC724 /* ContactsDataModel.xcdatamodeld */ = {
			isa = XCVersionGroup;
			children = (
				D3F9FE4729638F61001EC724 /* ContactsDataModel.xcdatamodel */,
			);
			currentVersion = D3F9FE4729638F61001EC724 /* ContactsDataModel.xcdatamodel */;
			path = ContactsDataModel.xcdatamodeld;
			sourceTree = "<group>";
			versionGroupType = wrapper.xcdatamodel;
		};
/* End XCVersionGroup section */
	};
	rootObject = D3F9FE2D29638F06001EC724 /* Project object */;
}
